// !$*UTF8*$!
{
	archiveVersion = 1;
	classes = {
	};
	objectVersion = 56;
	objects = {

/* Begin PBXBuildFile section */
		9F4CAA2B2AD454AF005A2DD6 /* AppDelegate.swift in Sources */ = {isa = PBXBuildFile; fileRef = 9F4CAA2A2AD454AF005A2DD6 /* AppDelegate.swift */; };
		9F4CAA2D2AD454AF005A2DD6 /* SceneDelegate.swift in Sources */ = {isa = PBXBuildFile; fileRef = 9F4CAA2C2AD454AF005A2DD6 /* SceneDelegate.swift */; };
		9F4CAA2F2AD454AF005A2DD6 /* ViewController.swift in Sources */ = {isa = PBXBuildFile; fileRef = 9F4CAA2E2AD454AF005A2DD6 /* ViewController.swift */; };
		9F4CAA352AD454AF005A2DD6 /* todo.xcdatamodeld in Sources */ = {isa = PBXBuildFile; fileRef = 9F4CAA332AD454AF005A2DD6 /* todo.xcdatamodeld */; };
		9F4CAA372AD454AF005A2DD6 /* Assets.xcassets in Resources */ = {isa = PBXBuildFile; fileRef = 9F4CAA362AD454AF005A2DD6 /* Assets.xcassets */; };
		9F4CAA3A2AD454AF005A2DD6 /* LaunchScreen.storyboard in Resources */ = {isa = PBXBuildFile; fileRef = 9F4CAA382AD454AF005A2DD6 /* LaunchScreen.storyboard */; };
		9F4CAA452AD454AF005A2DD6 /* todoTests.swift in Sources */ = {isa = PBXBuildFile; fileRef = 9F4CAA442AD454AF005A2DD6 /* todoTests.swift */; };
		9F4CAA4F2AD454B0005A2DD6 /* todoUITests.swift in Sources */ = {isa = PBXBuildFile; fileRef = 9F4CAA4E2AD454B0005A2DD6 /* todoUITests.swift */; };
		9F4CAA512AD454B0005A2DD6 /* todoUITestsLaunchTests.swift in Sources */ = {isa = PBXBuildFile; fileRef = 9F4CAA502AD454B0005A2DD6 /* todoUITestsLaunchTests.swift */; };
/* End PBXBuildFile section */

/* Begin PBXContainerItemProxy section */
		9F4CAA412AD454AF005A2DD6 /* PBXContainerItemProxy */ = {
			isa = PBXContainerItemProxy;
			containerPortal = 9F4CAA1F2AD454AF005A2DD6 /* Project object */;
			proxyType = 1;
			remoteGlobalIDString = 9F4CAA262AD454AF005A2DD6;
			remoteInfo = todo;
		};
		9F4CAA4B2AD454B0005A2DD6 /* PBXContainerItemProxy */ = {
			isa = PBXContainerItemProxy;
			containerPortal = 9F4CAA1F2AD454AF005A2DD6 /* Project object */;
			proxyType = 1;
			remoteGlobalIDString = 9F4CAA262AD454AF005A2DD6;
			remoteInfo = todo;
		};
/* End PBXContainerItemProxy section */

/* Begin PBXFileReference section */
		9F4CAA272AD454AF005A2DD6 /* todo.app */ = {isa = PBXFileReference; explicitFileType = wrapper.application; includeInIndex = 0; path = todo.app; sourceTree = BUILT_PRODUCTS_DIR; };
		9F4CAA2A2AD454AF005A2DD6 /* AppDelegate.swift */ = {isa = PBXFileReference; lastKnownFileType = sourcecode.swift; path = AppDelegate.swift; sourceTree = "<group>"; };
		9F4CAA2C2AD454AF005A2DD6 /* SceneDelegate.swift */ = {isa = PBXFileReference; lastKnownFileType = sourcecode.swift; path = SceneDelegate.swift; sourceTree = "<group>"; };
		9F4CAA2E2AD454AF005A2DD6 /* ViewController.swift */ = {isa = PBXFileReference; lastKnownFileType = sourcecode.swift; path = ViewController.swift; sourceTree = "<group>"; };
		9F4CAA342AD454AF005A2DD6 /* todo.xcdatamodel */ = {isa = PBXFileReference; lastKnownFileType = wrapper.xcdatamodel; path = todo.xcdatamodel; sourceTree = "<group>"; };
		9F4CAA362AD454AF005A2DD6 /* Assets.xcassets */ = {isa = PBXFileReference; lastKnownFileType = folder.assetcatalog; path = Assets.xcassets; sourceTree = "<group>"; };
		9F4CAA392AD454AF005A2DD6 /* Base */ = {isa = PBXFileReference; lastKnownFileType = file.storyboard; name = Base; path = Base.lproj/LaunchScreen.storyboard; sourceTree = "<group>"; };
		9F4CAA3B2AD454AF005A2DD6 /* Info.plist */ = {isa = PBXFileReference; lastKnownFileType = text.plist.xml; path = Info.plist; sourceTree = "<group>"; };
		9F4CAA402AD454AF005A2DD6 /* todoTests.xctest */ = {isa = PBXFileReference; explicitFileType = wrapper.cfbundle; includeInIndex = 0; path = todoTests.xctest; sourceTree = BUILT_PRODUCTS_DIR; };
		9F4CAA442AD454AF005A2DD6 /* todoTests.swift */ = {isa = PBXFileReference; lastKnownFileType = sourcecode.swift; path = todoTests.swift; sourceTree = "<group>"; };
		9F4CAA4A2AD454B0005A2DD6 /* todoUITests.xctest */ = {isa = PBXFileReference; explicitFileType = wrapper.cfbundle; includeInIndex = 0; path = todoUITests.xctest; sourceTree = BUILT_PRODUCTS_DIR; };
		9F4CAA4E2AD454B0005A2DD6 /* todoUITests.swift */ = {isa = PBXFileReference; lastKnownFileType = sourcecode.swift; path = todoUITests.swift; sourceTree = "<group>"; };
		9F4CAA502AD454B0005A2DD6 /* todoUITestsLaunchTests.swift */ = {isa = PBXFileReference; lastKnownFileType = sourcecode.swift; path = todoUITestsLaunchTests.swift; sourceTree = "<group>"; };
/* End PBXFileReference section */

/* Begin PBXFrameworksBuildPhase section */
		9F4CAA242AD454AF005A2DD6 /* Frameworks */ = {
			isa = PBXFrameworksBuildPhase;
			buildActionMask = 2147483647;
			files = (
			);
			runOnlyForDeploymentPostprocessing = 0;
		};
		9F4CAA3D2AD454AF005A2DD6 /* Frameworks */ = {
			isa = PBXFrameworksBuildPhase;
			buildActionMask = 2147483647;
			files = (
			);
			runOnlyForDeploymentPostprocessing = 0;
		};
		9F4CAA472AD454B0005A2DD6 /* Frameworks */ = {
			isa = PBXFrameworksBuildPhase;
			buildActionMask = 2147483647;
			files = (
			);
			runOnlyForDeploymentPostprocessing = 0;
		};
/* End PBXFrameworksBuildPhase section */

/* Begin PBXGroup section */
		9F4CAA1E2AD454AF005A2DD6 = {
			isa = PBXGroup;
			children = (
				9F4CAA292AD454AF005A2DD6 /* todo */,
				9F4CAA432AD454AF005A2DD6 /* todoTests */,
				9F4CAA4D2AD454B0005A2DD6 /* todoUITests */,
				9F4CAA282AD454AF005A2DD6 /* Products */,
			);
			sourceTree = "<group>";
		};
		9F4CAA282AD454AF005A2DD6 /* Products */ = {
			isa = PBXGroup;
			children = (
				9F4CAA272AD454AF005A2DD6 /* todo.app */,
				9F4CAA402AD454AF005A2DD6 /* todoTests.xctest */,
				9F4CAA4A2AD454B0005A2DD6 /* todoUITests.xctest */,
			);
			name = Products;
			sourceTree = "<group>";
		};
		9F4CAA292AD454AF005A2DD6 /* todo */ = {
			isa = PBXGroup;
			children = (
				9F4CAA2A2AD454AF005A2DD6 /* AppDelegate.swift */,
				9F4CAA2C2AD454AF005A2DD6 /* SceneDelegate.swift */,
				9F4CAA2E2AD454AF005A2DD6 /* ViewController.swift */,
				9F4CAA362AD454AF005A2DD6 /* Assets.xcassets */,
				9F4CAA382AD454AF005A2DD6 /* LaunchScreen.storyboard */,
				9F4CAA3B2AD454AF005A2DD6 /* Info.plist */,
				9F4CAA332AD454AF005A2DD6 /* todo.xcdatamodeld */,
			);
			path = todo;
			sourceTree = "<group>";
		};
		9F4CAA432AD454AF005A2DD6 /* todoTests */ = {
			isa = PBXGroup;
			children = (
				9F4CAA442AD454AF005A2DD6 /* todoTests.swift */,
			);
			path = todoTests;
			sourceTree = "<group>";
		};
		9F4CAA4D2AD454B0005A2DD6 /* todoUITests */ = {
			isa = PBXGroup;
			children = (
				9F4CAA4E2AD454B0005A2DD6 /* todoUITests.swift */,
				9F4CAA502AD454B0005A2DD6 /* todoUITestsLaunchTests.swift */,
			);
			path = todoUITests;
			sourceTree = "<group>";
		};
/* End PBXGroup section */

/* Begin PBXNativeTarget section */
		9F4CAA262AD454AF005A2DD6 /* todo */ = {
			isa = PBXNativeTarget;
			buildConfigurationList = 9F4CAA542AD454B0005A2DD6 /* Build configuration list for PBXNativeTarget "todo" */;
			buildPhases = (
				9F4CAA232AD454AF005A2DD6 /* Sources */,
				9F4CAA242AD454AF005A2DD6 /* Frameworks */,
				9F4CAA252AD454AF005A2DD6 /* Resources */,
			);
			buildRules = (
			);
			dependencies = (
			);
			name = todo;
			productName = todo;
			productReference = 9F4CAA272AD454AF005A2DD6 /* todo.app */;
			productType = "com.apple.product-type.application";
		};
		9F4CAA3F2AD454AF005A2DD6 /* todoTests */ = {
			isa = PBXNativeTarget;
			buildConfigurationList = 9F4CAA572AD454B0005A2DD6 /* Build configuration list for PBXNativeTarget "todoTests" */;
			buildPhases = (
				9F4CAA3C2AD454AF005A2DD6 /* Sources */,
				9F4CAA3D2AD454AF005A2DD6 /* Frameworks */,
				9F4CAA3E2AD454AF005A2DD6 /* Resources */,
			);
			buildRules = (
			);
			dependencies = (
				9F4CAA422AD454AF005A2DD6 /* PBXTargetDependency */,
			);
			name = todoTests;
			productName = todoTests;
			productReference = 9F4CAA402AD454AF005A2DD6 /* todoTests.xctest */;
			productType = "com.apple.product-type.bundle.unit-test";
		};
		9F4CAA492AD454B0005A2DD6 /* todoUITests */ = {
			isa = PBXNativeTarget;
			buildConfigurationList = 9F4CAA5A2AD454B0005A2DD6 /* Build configuration list for PBXNativeTarget "todoUITests" */;
			buildPhases = (
				9F4CAA462AD454B0005A2DD6 /* Sources */,
				9F4CAA472AD454B0005A2DD6 /* Frameworks */,
				9F4CAA482AD454B0005A2DD6 /* Resources */,
			);
			buildRules = (
			);
			dependencies = (
				9F4CAA4C2AD454B0005A2DD6 /* PBXTargetDependency */,
			);
			name = todoUITests;
			productName = todoUITests;
			productReference = 9F4CAA4A2AD454B0005A2DD6 /* todoUITests.xctest */;
			productType = "com.apple.product-type.bundle.ui-testing";
		};
/* End PBXNativeTarget section */

/* Begin PBXProject section */
		9F4CAA1F2AD454AF005A2DD6 /* Project object */ = {
			isa = PBXProject;
			attributes = {
				BuildIndependentTargetsInParallel = 1;
				LastSwiftUpdateCheck = 1420;
				LastUpgradeCheck = 1420;
				TargetAttributes = {
					9F4CAA262AD454AF005A2DD6 = {
						CreatedOnToolsVersion = 14.2;
					};
					9F4CAA3F2AD454AF005A2DD6 = {
						CreatedOnToolsVersion = 14.2;
						TestTargetID = 9F4CAA262AD454AF005A2DD6;
					};
					9F4CAA492AD454B0005A2DD6 = {
						CreatedOnToolsVersion = 14.2;
						TestTargetID = 9F4CAA262AD454AF005A2DD6;
					};
				};
			};
			buildConfigurationList = 9F4CAA222AD454AF005A2DD6 /* Build configuration list for PBXProject "todo" */;
			compatibilityVersion = "Xcode 14.0";
			developmentRegion = en;
			hasScannedForEncodings = 0;
			knownRegions = (
				en,
				Base,
			);
			mainGroup = 9F4CAA1E2AD454AF005A2DD6;
			productRefGroup = 9F4CAA282AD454AF005A2DD6 /* Products */;
			projectDirPath = "";
			projectRoot = "";
			targets = (
				9F4CAA262AD454AF005A2DD6 /* todo */,
				9F4CAA3F2AD454AF005A2DD6 /* todoTests */,
				9F4CAA492AD454B0005A2DD6 /* todoUITests */,
			);
		};
/* End PBXProject section */

/* Begin PBXResourcesBuildPhase section */
		9F4CAA252AD454AF005A2DD6 /* Resources */ = {
			isa = PBXResourcesBuildPhase;
			buildActionMask = 2147483647;
			files = (
				9F4CAA3A2AD454AF005A2DD6 /* LaunchScreen.storyboard in Resources */,
				9F4CAA372AD454AF005A2DD6 /* Assets.xcassets in Resources */,
			);
			runOnlyForDeploymentPostprocessing = 0;
		};
		9F4CAA3E2AD454AF005A2DD6 /* Resources */ = {
			isa = PBXResourcesBuildPhase;
			buildActionMask = 2147483647;
			files = (
			);
			runOnlyForDeploymentPostprocessing = 0;
		};
		9F4CAA482AD454B0005A2DD6 /* Resources */ = {
			isa = PBXResourcesBuildPhase;
			buildActionMask = 2147483647;
			files = (
			);
			runOnlyForDeploymentPostprocessing = 0;
		};
/* End PBXResourcesBuildPhase section */

/* Begin PBXSourcesBuildPhase section */
		9F4CAA232AD454AF005A2DD6 /* Sources */ = {
			isa = PBXSourcesBuildPhase;
			buildActionMask = 2147483647;
			files = (
				9F4CAA2F2AD454AF005A2DD6 /* ViewController.swift in Sources */,
				9F4CAA2B2AD454AF005A2DD6 /* AppDelegate.swift in Sources */,
				9F4CAA2D2AD454AF005A2DD6 /* SceneDelegate.swift in Sources */,
				9F4CAA352AD454AF005A2DD6 /* todo.xcdatamodeld in Sources */,
			);
			runOnlyForDeploymentPostprocessing = 0;
		};
		9F4CAA3C2AD454AF005A2DD6 /* Sources */ = {
			isa = PBXSourcesBuildPhase;
			buildActionMask = 2147483647;
			files = (
				9F4CAA452AD454AF005A2DD6 /* todoTests.swift in Sources */,
			);
			runOnlyForDeploymentPostprocessing = 0;
		};
		9F4CAA462AD454B0005A2DD6 /* Sources */ = {
			isa = PBXSourcesBuildPhase;
			buildActionMask = 2147483647;
			files = (
				9F4CAA512AD454B0005A2DD6 /* todoUITestsLaunchTests.swift in Sources */,
				9F4CAA4F2AD454B0005A2DD6 /* todoUITests.swift in Sources */,
			);
			runOnlyForDeploymentPostprocessing = 0;
		};
/* End PBXSourcesBuildPhase section */

/* Begin PBXTargetDependency section */
		9F4CAA422AD454AF005A2DD6 /* PBXTargetDependency */ = {
			isa = PBXTargetDependency;
			target = 9F4CAA262AD454AF005A2DD6 /* todo */;
			targetProxy = 9F4CAA412AD454AF005A2DD6 /* PBXContainerItemProxy */;
		};
		9F4CAA4C2AD454B0005A2DD6 /* PBXTargetDependency */ = {
			isa = PBXTargetDependency;
			target = 9F4CAA262AD454AF005A2DD6 /* todo */;
			targetProxy = 9F4CAA4B2AD454B0005A2DD6 /* PBXContainerItemProxy */;
		};
/* End PBXTargetDependency section */

/* Begin PBXVariantGroup section */
		9F4CAA382AD454AF005A2DD6 /* LaunchScreen.storyboard */ = {
			isa = PBXVariantGroup;
			children = (
				9F4CAA392AD454AF005A2DD6 /* Base */,
			);
			name = LaunchScreen.storyboard;
			sourceTree = "<group>";
		};
/* End PBXVariantGroup section */

/* Begin XCBuildConfiguration section */
		9F4CAA522AD454B0005A2DD6 /* Debug */ = {
			isa = XCBuildConfiguration;
			buildSettings = {
				ALWAYS_SEARCH_USER_PATHS = NO;
				CLANG_ANALYZER_NONNULL = YES;
				CLANG_ANALYZER_NUMBER_OBJECT_CONVERSION = YES_AGGRESSIVE;
				CLANG_CXX_LANGUAGE_STANDARD = "gnu++20";
				CLANG_ENABLE_MODULES = YES;
				CLANG_ENABLE_OBJC_ARC = YES;
				CLANG_ENABLE_OBJC_WEAK = YES;
				CLANG_WARN_BLOCK_CAPTURE_AUTORELEASING = YES;
				CLANG_WARN_BOOL_CONVERSION = YES;
				CLANG_WARN_COMMA = YES;
				CLANG_WARN_CONSTANT_CONVERSION = YES;
				CLANG_WARN_DEPRECATED_OBJC_IMPLEMENTATIONS = YES;
				CLANG_WARN_DIRECT_OBJC_ISA_USAGE = YES_ERROR;
				CLANG_WARN_DOCUMENTATION_COMMENTS = YES;
				CLANG_WARN_EMPTY_BODY = YES;
				CLANG_WARN_ENUM_CONVERSION = YES;
				CLANG_WARN_INFINITE_RECURSION = YES;
				CLANG_WARN_INT_CONVERSION = YES;
				CLANG_WARN_NON_LITERAL_NULL_CONVERSION = YES;
				CLANG_WARN_OBJC_IMPLICIT_RETAIN_SELF = YES;
				CLANG_WARN_OBJC_LITERAL_CONVERSION = YES;
				CLANG_WARN_OBJC_ROOT_CLASS = YES_ERROR;
				CLANG_WARN_QUOTED_INCLUDE_IN_FRAMEWORK_HEADER = YES;
				CLANG_WARN_RANGE_LOOP_ANALYSIS = YES;
				CLANG_WARN_STRICT_PROTOTYPES = YES;
				CLANG_WARN_SUSPICIOUS_MOVE = YES;
				CLANG_WARN_UNGUARDED_AVAILABILITY = YES_AGGRESSIVE;
				CLANG_WARN_UNREACHABLE_CODE = YES;
				CLANG_WARN__DUPLICATE_METHOD_MATCH = YES;
				COPY_PHASE_STRIP = NO;
				DEBUG_INFORMATION_FORMAT = dwarf;
				ENABLE_STRICT_OBJC_MSGSEND = YES;
				ENABLE_TESTABILITY = YES;
				GCC_C_LANGUAGE_STANDARD = gnu11;
				GCC_DYNAMIC_NO_PIC = NO;
				GCC_NO_COMMON_BLOCKS = YES;
				GCC_OPTIMIZATION_LEVEL = 0;
				GCC_PREPROCESSOR_DEFINITIONS = (
					"DEBUG=1",
					"$(inherited)",
				);
				GCC_WARN_64_TO_32_BIT_CONVERSION = YES;
				GCC_WARN_ABOUT_RETURN_TYPE = YES_ERROR;
				GCC_WARN_UNDECLARED_SELECTOR = YES;
				GCC_WARN_UNINITIALIZED_AUTOS = YES_AGGRESSIVE;
				GCC_WARN_UNUSED_FUNCTION = YES;
				GCC_WARN_UNUSED_VARIABLE = YES;
				IPHONEOS_DEPLOYMENT_TARGET = 16.2;
				MTL_ENABLE_DEBUG_INFO = INCLUDE_SOURCE;
				MTL_FAST_MATH = YES;
				ONLY_ACTIVE_ARCH = YES;
				SDKROOT = iphoneos;
				SWIFT_ACTIVE_COMPILATION_CONDITIONS = DEBUG;
				SWIFT_OPTIMIZATION_LEVEL = "-Onone";
			};
			name = Debug;
		};
		9F4CAA532AD454B0005A2DD6 /* Release */ = {
			isa = XCBuildConfiguration;
			buildSettings = {
				ALWAYS_SEARCH_USER_PATHS = NO;
				CLANG_ANALYZER_NONNULL = YES;
				CLANG_ANALYZER_NUMBER_OBJECT_CONVERSION = YES_AGGRESSIVE;
				CLANG_CXX_LANGUAGE_STANDARD = "gnu++20";
				CLANG_ENABLE_MODULES = YES;
				CLANG_ENABLE_OBJC_ARC = YES;
				CLANG_ENABLE_OBJC_WEAK = YES;
				CLANG_WARN_BLOCK_CAPTURE_AUTORELEASING = YES;
				CLANG_WARN_BOOL_CONVERSION = YES;
				CLANG_WARN_COMMA = YES;
				CLANG_WARN_CONSTANT_CONVERSION = YES;
				CLANG_WARN_DEPRECATED_OBJC_IMPLEMENTATIONS = YES;
				CLANG_WARN_DIRECT_OBJC_ISA_USAGE = YES_ERROR;
				CLANG_WARN_DOCUMENTATION_COMMENTS = YES;
				CLANG_WARN_EMPTY_BODY = YES;
				CLANG_WARN_ENUM_CONVERSION = YES;
				CLANG_WARN_INFINITE_RECURSION = YES;
				CLANG_WARN_INT_CONVERSION = YES;
				CLANG_WARN_NON_LITERAL_NULL_CONVERSION = YES;
				CLANG_WARN_OBJC_IMPLICIT_RETAIN_SELF = YES;
				CLANG_WARN_OBJC_LITERAL_CONVERSION = YES;
				CLANG_WARN_OBJC_ROOT_CLASS = YES_ERROR;
				CLANG_WARN_QUOTED_INCLUDE_IN_FRAMEWORK_HEADER = YES;
				CLANG_WARN_RANGE_LOOP_ANALYSIS = YES;
				CLANG_WARN_STRICT_PROTOTYPES = YES;
				CLANG_WARN_SUSPICIOUS_MOVE = YES;
				CLANG_WARN_UNGUARDED_AVAILABILITY = YES_AGGRESSIVE;
				CLANG_WARN_UNREACHABLE_CODE = YES;
				CLANG_WARN__DUPLICATE_METHOD_MATCH = YES;
				COPY_PHASE_STRIP = NO;
				DEBUG_INFORMATION_FORMAT = "dwarf-with-dsym";
				ENABLE_NS_ASSERTIONS = NO;
				ENABLE_STRICT_OBJC_MSGSEND = YES;
				GCC_C_LANGUAGE_STANDARD = gnu11;
				GCC_NO_COMMON_BLOCKS = YES;
				GCC_WARN_64_TO_32_BIT_CONVERSION = YES;
				GCC_WARN_ABOUT_RETURN_TYPE = YES_ERROR;
				GCC_WARN_UNDECLARED_SELECTOR = YES;
				GCC_WARN_UNINITIALIZED_AUTOS = YES_AGGRESSIVE;
				GCC_WARN_UNUSED_FUNCTION = YES;
				GCC_WARN_UNUSED_VARIABLE = YES;
				IPHONEOS_DEPLOYMENT_TARGET = 16.2;
				MTL_ENABLE_DEBUG_INFO = NO;
				MTL_FAST_MATH = YES;
				SDKROOT = iphoneos;
				SWIFT_COMPILATION_MODE = wholemodule;
				SWIFT_OPTIMIZATION_LEVEL = "-O";
				VALIDATE_PRODUCT = YES;
			};
			name = Release;
		};
		9F4CAA552AD454B0005A2DD6 /* Debug */ = {
			isa = XCBuildConfiguration;
			buildSettings = {
				ASSETCATALOG_COMPILER_APPICON_NAME = AppIcon;
				ASSETCATALOG_COMPILER_GLOBAL_ACCENT_COLOR_NAME = AccentColor;
				CODE_SIGN_STYLE = Automatic;
				CURRENT_PROJECT_VERSION = 1;
				DEVELOPMENT_TEAM = P72UR4K32D;
				GENERATE_INFOPLIST_FILE = YES;
				INFOPLIST_FILE = todo/Info.plist;
				INFOPLIST_KEY_UIApplicationSupportsIndirectInputEvents = YES;
				INFOPLIST_KEY_UILaunchStoryboardName = LaunchScreen;
				INFOPLIST_KEY_UISupportedInterfaceOrientations_iPad = "UIInterfaceOrientationPortrait UIInterfaceOrientationPortraitUpsideDown UIInterfaceOrientationLandscapeLeft UIInterfaceOrientationLandscapeRight";
				INFOPLIST_KEY_UISupportedInterfaceOrientations_iPhone = "UIInterfaceOrientationPortrait UIInterfaceOrientationLandscapeLeft UIInterfaceOrientationLandscapeRight";
				LD_RUNPATH_SEARCH_PATHS = (
					"$(inherited)",
					"@executable_path/Frameworks",
				);
				MARKETING_VERSION = 1.0;
				PRODUCT_BUNDLE_IDENTIFIER = swift.todo;
				PRODUCT_NAME = "$(TARGET_NAME)";
				SWIFT_EMIT_LOC_STRINGS = YES;
				SWIFT_VERSION = 5.0;
				TARGETED_DEVICE_FAMILY = "1,2";
			};
			name = Debug;
		};
		9F4CAA562AD454B0005A2DD6 /* Release */ = {
			isa = XCBuildConfiguration;
			buildSettings = {
				ASSETCATALOG_COMPILER_APPICON_NAME = AppIcon;
				ASSETCATALOG_COMPILER_GLOBAL_ACCENT_COLOR_NAME = AccentColor;
				CODE_SIGN_STYLE = Automatic;
				CURRENT_PROJECT_VERSION = 1;
				DEVELOPMENT_TEAM = P72UR4K32D;
				GENERATE_INFOPLIST_FILE = YES;
				INFOPLIST_FILE = todo/Info.plist;
				INFOPLIST_KEY_UIApplicationSupportsIndirectInputEvents = YES;
				INFOPLIST_KEY_UILaunchStoryboardName = LaunchScreen;
				INFOPLIST_KEY_UISupportedInterfaceOrientations_iPad = "UIInterfaceOrientationPortrait UIInterfaceOrientationPortraitUpsideDown UIInterfaceOrientationLandscapeLeft UIInterfaceOrientationLandscapeRight";
				INFOPLIST_KEY_UISupportedInterfaceOrientations_iPhone = "UIInterfaceOrientationPortrait UIInterfaceOrientationLandscapeLeft UIInterfaceOrientationLandscapeRight";
				LD_RUNPATH_SEARCH_PATHS = (
					"$(inherited)",
					"@executable_path/Frameworks",
				);
				MARKETING_VERSION = 1.0;
				PRODUCT_BUNDLE_IDENTIFIER = swift.todo;
				PRODUCT_NAME = "$(TARGET_NAME)";
				SWIFT_EMIT_LOC_STRINGS = YES;
				SWIFT_VERSION = 5.0;
				TARGETED_DEVICE_FAMILY = "1,2";
			};
			name = Release;
		};
		9F4CAA582AD454B0005A2DD6 /* Debug */ = {
			isa = XCBuildConfiguration;
			buildSettings = {
				ALWAYS_EMBED_SWIFT_STANDARD_LIBRARIES = YES;
				BUNDLE_LOADER = "$(TEST_HOST)";
				CODE_SIGN_STYLE = Automatic;
				CURRENT_PROJECT_VERSION = 1;
				DEVELOPMENT_TEAM = P72UR4K32D;
				GENERATE_INFOPLIST_FILE = YES;
				IPHONEOS_DEPLOYMENT_TARGET = 16.2;
				MARKETING_VERSION = 1.0;
				PRODUCT_BUNDLE_IDENTIFIER = swift.todoTests;
				PRODUCT_NAME = "$(TARGET_NAME)";
				SWIFT_EMIT_LOC_STRINGS = NO;
				SWIFT_VERSION = 5.0;
				TARGETED_DEVICE_FAMILY = "1,2";
				TEST_HOST = "$(BUILT_PRODUCTS_DIR)/todo.app/$(BUNDLE_EXECUTABLE_FOLDER_PATH)/todo";
			};
			name = Debug;
		};
		9F4CAA592AD454B0005A2DD6 /* Release */ = {
			isa = XCBuildConfiguration;
			buildSettings = {
				ALWAYS_EMBED_SWIFT_STANDARD_LIBRARIES = YES;
				BUNDLE_LOADER = "$(TEST_HOST)";
				CODE_SIGN_STYLE = Automatic;
				CURRENT_PROJECT_VERSION = 1;
				DEVELOPMENT_TEAM = P72UR4K32D;
				GENERATE_INFOPLIST_FILE = YES;
				IPHONEOS_DEPLOYMENT_TARGET = 16.2;
				MARKETING_VERSION = 1.0;
				PRODUCT_BUNDLE_IDENTIFIER = swift.todoTests;
				PRODUCT_NAME = "$(TARGET_NAME)";
				SWIFT_EMIT_LOC_STRINGS = NO;
				SWIFT_VERSION = 5.0;
				TARGETED_DEVICE_FAMILY = "1,2";
				TEST_HOST = "$(BUILT_PRODUCTS_DIR)/todo.app/$(BUNDLE_EXECUTABLE_FOLDER_PATH)/todo";
			};
			name = Release;
		};
		9F4CAA5B2AD454B0005A2DD6 /* Debug */ = {
			isa = XCBuildConfiguration;
			buildSettings = {
				ALWAYS_EMBED_SWIFT_STANDARD_LIBRARIES = YES;
				CODE_SIGN_STYLE = Automatic;
				CURRENT_PROJECT_VERSION = 1;
				DEVELOPMENT_TEAM = P72UR4K32D;
				GENERATE_INFOPLIST_FILE = YES;
				MARKETING_VERSION = 1.0;
				PRODUCT_BUNDLE_IDENTIFIER = swift.todoUITests;
				PRODUCT_NAME = "$(TARGET_NAME)";
				SWIFT_EMIT_LOC_STRINGS = NO;
				SWIFT_VERSION = 5.0;
				TARGETED_DEVICE_FAMILY = "1,2";
				TEST_TARGET_NAME = todo;
			};
			name = Debug;
		};
		9F4CAA5C2AD454B0005A2DD6 /* Release */ = {
			isa = XCBuildConfiguration;
			buildSettings = {
				ALWAYS_EMBED_SWIFT_STANDARD_LIBRARIES = YES;
				CODE_SIGN_STYLE = Automatic;
				CURRENT_PROJECT_VERSION = 1;
				DEVELOPMENT_TEAM = P72UR4K32D;
				GENERATE_INFOPLIST_FILE = YES;
				MARKETING_VERSION = 1.0;
				PRODUCT_BUNDLE_IDENTIFIER = swift.todoUITests;
				PRODUCT_NAME = "$(TARGET_NAME)";
				SWIFT_EMIT_LOC_STRINGS = NO;
				SWIFT_VERSION = 5.0;
				TARGETED_DEVICE_FAMILY = "1,2";
				TEST_TARGET_NAME = todo;
			};
			name = Release;
		};
/* End XCBuildConfiguration section */

/* Begin XCConfigurationList section */
		9F4CAA222AD454AF005A2DD6 /* Build configuration list for PBXProject "todo" */ = {
			isa = XCConfigurationList;
			buildConfigurations = (
				9F4CAA522AD454B0005A2DD6 /* Debug */,
				9F4CAA532AD454B0005A2DD6 /* Release */,
			);
			defaultConfigurationIsVisible = 0;
			defaultConfigurationName = Release;
		};
		9F4CAA542AD454B0005A2DD6 /* Build configuration list for PBXNativeTarget "todo" */ = {
			isa = XCConfigurationList;
			buildConfigurations = (
				9F4CAA552AD454B0005A2DD6 /* Debug */,
				9F4CAA562AD454B0005A2DD6 /* Release */,
			);
			defaultConfigurationIsVisible = 0;
			defaultConfigurationName = Release;
		};
		9F4CAA572AD454B0005A2DD6 /* Build configuration list for PBXNativeTarget "todoTests" */ = {
			isa = XCConfigurationList;
			buildConfigurations = (
				9F4CAA582AD454B0005A2DD6 /* Debug */,
				9F4CAA592AD454B0005A2DD6 /* Release */,
			);
			defaultConfigurationIsVisible = 0;
			defaultConfigurationName = Release;
		};
		9F4CAA5A2AD454B0005A2DD6 /* Build configuration list for PBXNativeTarget "todoUITests" */ = {
			isa = XCConfigurationList;
			buildConfigurations = (
				9F4CAA5B2AD454B0005A2DD6 /* Debug */,
				9F4CAA5C2AD454B0005A2DD6 /* Release */,
			);
			defaultConfigurationIsVisible = 0;
			defaultConfigurationName = Release;
		};
/* End XCConfigurationList section */

/* Begin XCVersionGroup section */
		9F4CAA332AD454AF005A2DD6 /* todo.xcdatamodeld */ = {
			isa = XCVersionGroup;
			children = (
				9F4CAA342AD454AF005A2DD6 /* todo.xcdatamodel */,
			);
			currentVersion = 9F4CAA342AD454AF005A2DD6 /* todo.xcdatamodel */;
			path = todo.xcdatamodeld;
			sourceTree = "<group>";
			versionGroupType = wrapper.xcdatamodel;
		};
/* End XCVersionGroup section */
	};
	rootObject = 9F4CAA1F2AD454AF005A2DD6 /* Project object */;
}
